
Microsoft Visual Studio Solution File, Format Version 12.00
# Visual Studio Version 17
VisualStudioVersion = 17.2.32616.157
MinimumVisualStudioVersion = 10.0.40219.1
Project("{FAE04EC0-301F-11D3-BF4B-00C04F79EFBC}") = "MyCal", "MyCal\MyCal.csproj", "{5818D728-588C-42FD-991B-5860E4D9667D}"
EndProject
Global
	GlobalSection(SolutionConfigurationPlatforms) = preSolution
		Debug|Any CPU = Debug|Any CPU
		Release|Any CPU = Release|Any CPU
	EndGlobalSection
	GlobalSection(ProjectConfigurationPlatforms) = postSolution
		{5818D728-588C-42FD-991B-5860E4D9667D}.Debug|Any CPU.ActiveCfg = Debug|Any CPU
		{5818D728-588C-42FD-991B-5860E4D9667D}.Debug|Any CPU.Build.0 = Debug|Any CPU
		{5818D728-588C-42FD-991B-5860E4D9667D}.Release|Any CPU.ActiveCfg = Release|Any CPU
		{5818D728-588C-42FD-991B-5860E4D9667D}.Release|Any CPU.Build.0 = Release|Any CPU
	EndGlobalSection
	GlobalSection(SolutionProperties) = preSolution
		HideSolutionNode = FALSE
	EndGlobalSection
	GlobalSection(ExtensibilityGlobals) = postSolution
		SolutionGuid = {4625A757-DC24-43FA-809C-3AA5E7C15976}
	EndGlobalSection
EndGlobal
